// !$*UTF8*$!
{
	archiveVersion = 1;
	classes = {
	};
	objectVersion = 50;
	objects = {

/* Begin PBXBuildFile section */
		9504C1D921C851FD00A4AC40 /* DescriptionViewController.swift in Sources */ = {isa = PBXBuildFile; fileRef = 9504C1D821C851FD00A4AC40 /* DescriptionViewController.swift */; };
		951BD8EE21C5B02E003790FF /* AppDelegate.swift in Sources */ = {isa = PBXBuildFile; fileRef = 951BD8ED21C5B02E003790FF /* AppDelegate.swift */; };
		951BD8F021C5B02E003790FF /* ViewController.swift in Sources */ = {isa = PBXBuildFile; fileRef = 951BD8EF21C5B02E003790FF /* ViewController.swift */; };
		951BD8F321C5B02E003790FF /* Main.storyboard in Resources */ = {isa = PBXBuildFile; fileRef = 951BD8F121C5B02E003790FF /* Main.storyboard */; };
		951BD8F521C5B02F003790FF /* Assets.xcassets in Resources */ = {isa = PBXBuildFile; fileRef = 951BD8F421C5B02F003790FF /* Assets.xcassets */; };
		951BD8F821C5B02F003790FF /* LaunchScreen.storyboard in Resources */ = {isa = PBXBuildFile; fileRef = 951BD8F621C5B02F003790FF /* LaunchScreen.storyboard */; };
		951FDF0121C75BA60021F71C /* ModelCell.swift in Sources */ = {isa = PBXBuildFile; fileRef = 951FDF0021C75BA60021F71C /* ModelCell.swift */; };
		9536388121CDF53F00C619E7 /* SettingsViewController.swift in Sources */ = {isa = PBXBuildFile; fileRef = 9536388021CDF53F00C619E7 /* SettingsViewController.swift */; };
		955881C121C614DB00726796 /* Model.swift in Sources */ = {isa = PBXBuildFile; fileRef = 955881C021C614DB00726796 /* Model.swift */; };
/* End PBXBuildFile section */

/* Begin PBXFileReference section */
		9504C1D821C851FD00A4AC40 /* DescriptionViewController.swift */ = {isa = PBXFileReference; lastKnownFileType = sourcecode.swift; path = DescriptionViewController.swift; sourceTree = "<group>"; };
		951BD8EA21C5B02E003790FF /* CollectionViewSegueModel.app */ = {isa = PBXFileReference; explicitFileType = wrapper.application; includeInIndex = 0; path = CollectionViewSegueModel.app; sourceTree = BUILT_PRODUCTS_DIR; };
		951BD8ED21C5B02E003790FF /* AppDelegate.swift */ = {isa = PBXFileReference; lastKnownFileType = sourcecode.swift; path = AppDelegate.swift; sourceTree = "<group>"; };
		951BD8EF21C5B02E003790FF /* ViewController.swift */ = {isa = PBXFileReference; lastKnownFileType = sourcecode.swift; path = ViewController.swift; sourceTree = "<group>"; };
		951BD8F221C5B02E003790FF /* Base */ = {isa = PBXFileReference; lastKnownFileType = file.storyboard; name = Base; path = Base.lproj/Main.storyboard; sourceTree = "<group>"; };
		951BD8F421C5B02F003790FF /* Assets.xcassets */ = {isa = PBXFileReference; lastKnownFileType = folder.assetcatalog; path = Assets.xcassets; sourceTree = "<group>"; };
		951BD8F721C5B02F003790FF /* Base */ = {isa = PBXFileReference; lastKnownFileType = file.storyboard; name = Base; path = Base.lproj/LaunchScreen.storyboard; sourceTree = "<group>"; };
		951BD8F921C5B02F003790FF /* Info.plist */ = {isa = PBXFileReference; lastKnownFileType = text.plist.xml; path = Info.plist; sourceTree = "<group>"; };
		951FDF0021C75BA60021F71C /* ModelCell.swift */ = {isa = PBXFileReference; lastKnownFileType = sourcecode.swift; path = ModelCell.swift; sourceTree = "<group>"; };
		9536388021CDF53F00C619E7 /* SettingsViewController.swift */ = {isa = PBXFileReference; lastKnownFileType = sourcecode.swift; path = SettingsViewController.swift; sourceTree = "<group>"; };
		955881C021C614DB00726796 /* Model.swift */ = {isa = PBXFileReference; lastKnownFileType = sourcecode.swift; path = Model.swift; sourceTree = "<group>"; };
/* End PBXFileReference section */

/* Begin PBXFrameworksBuildPhase section */
		951BD8E721C5B02E003790FF /* Frameworks */ = {
			isa = PBXFrameworksBuildPhase;
			buildActionMask = 2147483647;
			files = (
			);
			runOnlyForDeploymentPostprocessing = 0;
		};
/* End PBXFrameworksBuildPhase section */

/* Begin PBXGroup section */
		951BD8E121C5B02E003790FF = {
			isa = PBXGroup;
			children = (
				951BD8EC21C5B02E003790FF /* CollectionViewSegueModel */,
				951BD8EB21C5B02E003790FF /* Products */,
			);
			sourceTree = "<group>";
		};
		951BD8EB21C5B02E003790FF /* Products */ = {
			isa = PBXGroup;
			children = (
				951BD8EA21C5B02E003790FF /* CollectionViewSegueModel.app */,
			);
			name = Products;
			sourceTree = "<group>";
		};
		951BD8EC21C5B02E003790FF /* CollectionViewSegueModel */ = {
			isa = PBXGroup;
			children = (
				951BD8ED21C5B02E003790FF /* AppDelegate.swift */,
				951BD8EF21C5B02E003790FF /* ViewController.swift */,
				9536388021CDF53F00C619E7 /* SettingsViewController.swift */,
				9504C1D821C851FD00A4AC40 /* DescriptionViewController.swift */,
				951FDF0021C75BA60021F71C /* ModelCell.swift */,
				955881C021C614DB00726796 /* Model.swift */,
				951BD8F121C5B02E003790FF /* Main.storyboard */,
				951BD8F421C5B02F003790FF /* Assets.xcassets */,
				951BD8F621C5B02F003790FF /* LaunchScreen.storyboard */,
				951BD8F921C5B02F003790FF /* Info.plist */,
			);
			path = CollectionViewSegueModel;
			sourceTree = "<group>";
		};
/* End PBXGroup section */

/* Begin PBXNativeTarget section */
		951BD8E921C5B02E003790FF /* CollectionViewSegueModel */ = {
			isa = PBXNativeTarget;
			buildConfigurationList = 951BD8FC21C5B02F003790FF /* Build configuration list for PBXNativeTarget "CollectionViewSegueModel" */;
			buildPhases = (
				951BD8E621C5B02E003790FF /* Sources */,
				951BD8E721C5B02E003790FF /* Frameworks */,
				951BD8E821C5B02E003790FF /* Resources */,
			);
			buildRules = (
			);
			dependencies = (
			);
			name = CollectionViewSegueModel;
			productName = CollectionViewSegueModel;
			productReference = 951BD8EA21C5B02E003790FF /* CollectionViewSegueModel.app */;
			productType = "com.apple.product-type.application";
		};
/* End PBXNativeTarget section */

/* Begin PBXProject section */
		951BD8E221C5B02E003790FF /* Project object */ = {
			isa = PBXProject;
			attributes = {
				LastSwiftUpdateCheck = 1010;
				LastUpgradeCheck = 1010;
				ORGANIZATIONNAME = "Lucas Dahl";
				TargetAttributes = {
					951BD8E921C5B02E003790FF = {
						CreatedOnToolsVersion = 10.1;
					};
				};
			};
			buildConfigurationList = 951BD8E521C5B02E003790FF /* Build configuration list for PBXProject "CollectionViewSegueModel" */;
			compatibilityVersion = "Xcode 9.3";
			developmentRegion = en;
			hasScannedForEncodings = 0;
			knownRegions = (
				en,
				Base,
			);
			mainGroup = 951BD8E121C5B02E003790FF;
			productRefGroup = 951BD8EB21C5B02E003790FF /* Products */;
			projectDirPath = "";
			projectRoot = "";
			targets = (
				951BD8E921C5B02E003790FF /* CollectionViewSegueModel */,
			);
		};
/* End PBXProject section */

/* Begin PBXResourcesBuildPhase section */
		951BD8E821C5B02E003790FF /* Resources */ = {
			isa = PBXResourcesBuildPhase;
			buildActionMask = 2147483647;
			files = (
				951BD8F821C5B02F003790FF /* LaunchScreen.storyboard in Resources */,
				951BD8F521C5B02F003790FF /* Assets.xcassets in Resources */,
				951BD8F321C5B02E003790FF /* Main.storyboard in Resources */,
			);
			runOnlyForDeploymentPostprocessing = 0;
		};
/* End PBXResourcesBuildPhase section */

/* Begin PBXSourcesBuildPhase section */
		951BD8E621C5B02E003790FF /* Sources */ = {
			isa = PBXSourcesBuildPhase;
			buildActionMask = 2147483647;
			files = (
				955881C121C614DB00726796 /* Model.swift in Sources */,
				951BD8F021C5B02E003790FF /* ViewController.swift in Sources */,
				951BD8EE21C5B02E003790FF /* AppDelegate.swift in Sources */,
				9504C1D921C851FD00A4AC40 /* DescriptionViewController.swift in Sources */,
				951FDF0121C75BA60021F71C /* ModelCell.swift in Sources */,
				9536388121CDF53F00C619E7 /* SettingsViewController.swift in Sources */,
			);
			runOnlyForDeploymentPostprocessing = 0;
		};
/* End PBXSourcesBuildPhase section */

/* Begin PBXVariantGroup section */
		951BD8F121C5B02E003790FF /* Main.storyboard */ = {
			isa = PBXVariantGroup;
			children = (
				951BD8F221C5B02E003790FF /* Base */,
			);
			name = Main.storyboard;
			sourceTree = "<group>";
		};
		951BD8F621C5B02F003790FF /* LaunchScreen.storyboard */ = {
			isa = PBXVariantGroup;
			children = (
				951BD8F721C5B02F003790FF /* Base */,
			);
			name = LaunchScreen.storyboard;
			sourceTree = "<group>";
		};
/* End PBXVariantGroup section */

/* Begin XCBuildConfiguration section */
		951BD8FA21C5B02F003790FF /* Debug */ = {
			isa = XCBuildConfiguration;
			buildSettings = {
				ALWAYS_SEARCH_USER_PATHS = NO;
				CLANG_ANALYZER_NONNULL = YES;
				CLANG_ANALYZER_NUMBER_OBJECT_CONVERSION = YES_AGGRESSIVE;
				CLANG_CXX_LANGUAGE_STANDARD = "gnu++14";
				CLANG_CXX_LIBRARY = "libc++";
				CLANG_ENABLE_MODULES = YES;
				CLANG_ENABLE_OBJC_ARC = YES;
				CLANG_ENABLE_OBJC_WEAK = YES;
				CLANG_WARN_BLOCK_CAPTURE_AUTORELEASING = YES;
				CLANG_WARN_BOOL_CONVERSION = YES;
				CLANG_WARN_COMMA = YES;
				CLANG_WARN_CONSTANT_CONVERSION = YES;
				CLANG_WARN_DEPRECATED_OBJC_IMPLEMENTATIONS = YES;
				CLANG_WARN_DIRECT_OBJC_ISA_USAGE = YES_ERROR;
				CLANG_WARN_DOCUMENTATION_COMMENTS = YES;
				CLANG_WARN_EMPTY_BODY = YES;
				CLANG_WARN_ENUM_CONVERSION = YES;
				CLANG_WARN_INFINITE_RECURSION = YES;
				CLANG_WARN_INT_CONVERSION = YES;
				CLANG_WARN_NON_LITERAL_NULL_CONVERSION = YES;
				CLANG_WARN_OBJC_IMPLICIT_RETAIN_SELF = YES;
				CLANG_WARN_OBJC_LITERAL_CONVERSION = YES;
				CLANG_WARN_OBJC_ROOT_CLASS = YES_ERROR;
				CLANG_WARN_RANGE_LOOP_ANALYSIS = YES;
				CLANG_WARN_STRICT_PROTOTYPES = YES;
				CLANG_WARN_SUSPICIOUS_MOVE = YES;
				CLANG_WARN_UNGUARDED_AVAILABILITY = YES_AGGRESSIVE;
				CLANG_WARN_UNREACHABLE_CODE = YES;
				CLANG_WARN__DUPLICATE_METHOD_MATCH = YES;
				CODE_SIGN_IDENTITY = "iPhone Developer";
				COPY_PHASE_STRIP = NO;
				DEBUG_INFORMATION_FORMAT = dwarf;
				ENABLE_STRICT_OBJC_MSGSEND = YES;
				ENABLE_TESTABILITY = YES;
				GCC_C_LANGUAGE_STANDARD = gnu11;
				GCC_DYNAMIC_NO_PIC = NO;
				GCC_NO_COMMON_BLOCKS = YES;
				GCC_OPTIMIZATION_LEVEL = 0;
				GCC_PREPROCESSOR_DEFINITIONS = (
					"DEBUG=1",
					"$(inherited)",
				);
				GCC_WARN_64_TO_32_BIT_CONVERSION = YES;
				GCC_WARN_ABOUT_RETURN_TYPE = YES_ERROR;
				GCC_WARN_UNDECLARED_SELECTOR = YES;
				GCC_WARN_UNINITIALIZED_AUTOS = YES_AGGRESSIVE;
				GCC_WARN_UNUSED_FUNCTION = YES;
				GCC_WARN_UNUSED_VARIABLE = YES;
				IPHONEOS_DEPLOYMENT_TARGET = 12.1;
				MTL_ENABLE_DEBUG_INFO = INCLUDE_SOURCE;
				MTL_FAST_MATH = YES;
				ONLY_ACTIVE_ARCH = YES;
				SDKROOT = iphoneos;
				SWIFT_ACTIVE_COMPILATION_CONDITIONS = DEBUG;
				SWIFT_OPTIMIZATION_LEVEL = "-Onone";
			};
			name = Debug;
		};
		951BD8FB21C5B02F003790FF /* Release */ = {
			isa = XCBuildConfiguration;
			buildSettings = {
				ALWAYS_SEARCH_USER_PATHS = NO;
				CLANG_ANALYZER_NONNULL = YES;
				CLANG_ANALYZER_NUMBER_OBJECT_CONVERSION = YES_AGGRESSIVE;
				CLANG_CXX_LANGUAGE_STANDARD = "gnu++14";
				CLANG_CXX_LIBRARY = "libc++";
				CLANG_ENABLE_MODULES = YES;
				CLANG_ENABLE_OBJC_ARC = YES;
				CLANG_ENABLE_OBJC_WEAK = YES;
				CLANG_WARN_BLOCK_CAPTURE_AUTORELEASING = YES;
				CLANG_WARN_BOOL_CONVERSION = YES;
				CLANG_WARN_COMMA = YES;
				CLANG_WARN_CONSTANT_CONVERSION = YES;
				CLANG_WARN_DEPRECATED_OBJC_IMPLEMENTATIONS = YES;
				CLANG_WARN_DIRECT_OBJC_ISA_USAGE = YES_ERROR;
				CLANG_WARN_DOCUMENTATION_COMMENTS = YES;
				CLANG_WARN_EMPTY_BODY = YES;
				CLANG_WARN_ENUM_CONVERSION = YES;
				CLANG_WARN_INFINITE_RECURSION = YES;
				CLANG_WARN_INT_CONVERSION = YES;
				CLANG_WARN_NON_LITERAL_NULL_CONVERSION = YES;
				CLANG_WARN_OBJC_IMPLICIT_RETAIN_SELF = YES;
				CLANG_WARN_OBJC_LITERAL_CONVERSION = YES;
				CLANG_WARN_OBJC_ROOT_CLASS = YES_ERROR;
				CLANG_WARN_RANGE_LOOP_ANALYSIS = YES;
				CLANG_WARN_STRICT_PROTOTYPES = YES;
				CLANG_WARN_SUSPICIOUS_MOVE = YES;
				CLANG_WARN_UNGUARDED_AVAILABILITY = YES_AGGRESSIVE;
				CLANG_WARN_UNREACHABLE_CODE = YES;
				CLANG_WARN__DUPLICATE_METHOD_MATCH = YES;
				CODE_SIGN_IDENTITY = "iPhone Developer";
				COPY_PHASE_STRIP = NO;
				DEBUG_INFORMATION_FORMAT = "dwarf-with-dsym";
				ENABLE_NS_ASSERTIONS = NO;
				ENABLE_STRICT_OBJC_MSGSEND = YES;
				GCC_C_LANGUAGE_STANDARD = gnu11;
				GCC_NO_COMMON_BLOCKS = YES;
				GCC_WARN_64_TO_32_BIT_CONVERSION = YES;
				GCC_WARN_ABOUT_RETURN_TYPE = YES_ERROR;
				GCC_WARN_UNDECLARED_SELECTOR = YES;
				GCC_WARN_UNINITIALIZED_AUTOS = YES_AGGRESSIVE;
				GCC_WARN_UNUSED_FUNCTION = YES;
				GCC_WARN_UNUSED_VARIABLE = YES;
				IPHONEOS_DEPLOYMENT_TARGET = 12.1;
				MTL_ENABLE_DEBUG_INFO = NO;
				MTL_FAST_MATH = YES;
				SDKROOT = iphoneos;
				SWIFT_COMPILATION_MODE = wholemodule;
				SWIFT_OPTIMIZATION_LEVEL = "-O";
				VALIDATE_PRODUCT = YES;
			};
			name = Release;
		};
		951BD8FD21C5B02F003790FF /* Debug */ = {
			isa = XCBuildConfiguration;
			buildSettings = {
				ASSETCATALOG_COMPILER_APPICON_NAME = AppIcon;
				CODE_SIGN_STYLE = Automatic;
				DEVELOPMENT_TEAM = CW7RK4BNJW;
				INFOPLIST_FILE = CollectionViewSegueModel/Info.plist;
				LD_RUNPATH_SEARCH_PATHS = (
					"$(inherited)",
					"@executable_path/Frameworks",
				);
				PRODUCT_BUNDLE_IDENTIFIER = com.lucas.CollectionViewSegueModel;
				PRODUCT_NAME = "$(TARGET_NAME)";
				SWIFT_VERSION = 4.2;
				TARGETED_DEVICE_FAMILY = "1,2";
			};
			name = Debug;
		};
		951BD8FE21C5B02F003790FF /* Release */ = {
			isa = XCBuildConfiguration;
			buildSettings = {
				ASSETCATALOG_COMPILER_APPICON_NAME = AppIcon;
				CODE_SIGN_STYLE = Automatic;
				DEVELOPMENT_TEAM = CW7RK4BNJW;
				INFOPLIST_FILE = CollectionViewSegueModel/Info.plist;
				LD_RUNPATH_SEARCH_PATHS = (
					"$(inherited)",
					"@executable_path/Frameworks",
				);
				PRODUCT_BUNDLE_IDENTIFIER = com.lucas.CollectionViewSegueModel;
				PRODUCT_NAME = "$(TARGET_NAME)";
				SWIFT_VERSION = 4.2;
				TARGETED_DEVICE_FAMILY = "1,2";
			};
			name = Release;
		};
/* End XCBuildConfiguration section */

/* Begin XCConfigurationList section */
		951BD8E521C5B02E003790FF /* Build configuration list for PBXProject "CollectionViewSegueModel" */ = {
			isa = XCConfigurationList;
			buildConfigurations = (
				951BD8FA21C5B02F003790FF /* Debug */,
				951BD8FB21C5B02F003790FF /* Release */,
			);
			defaultConfigurationIsVisible = 0;
			defaultConfigurationName = Release;
		};
		951BD8FC21C5B02F003790FF /* Build configuration list for PBXNativeTarget "CollectionViewSegueModel" */ = {
			isa = XCConfigurationList;
			buildConfigurations = (
				951BD8FD21C5B02F003790FF /* Debug */,
				951BD8FE21C5B02F003790FF /* Release */,
			);
			defaultConfigurationIsVisible = 0;
			defaultConfigurationName = Release;
		};
/* End XCConfigurationList section */
	};
	rootObject = 951BD8E221C5B02E003790FF /* Project object */;
}
